schema: '2.0'
stages:
  data_prep:
    cmd: python src/data_prep.py
    deps:
    - path: data/raw/telco_churn.csv
      hash: md5
      md5: 006527876bfe18c977d74eb4bc59443f
      size: 873370
    - path: src/data_prep.py
      hash: md5
      md5: f94898c343bb406cc92ab44396253410
      size: 551
    outs:
    - path: data/processed/telco_churn_processed.csv
      hash: md5
      md5: 006527876bfe18c977d74eb4bc59443f
      size: 873370
  train:
    cmd: python src/train.py
    deps:
    - path: data/processed/telco_churn_processed.csv
      hash: md5
      md5: 006527876bfe18c977d74eb4bc59443f
      size: 873370
    - path: params.yaml
      hash: md5
      md5: f15db0fc0f1f55fca6d6a83acdb3d291
      size: 411
    - path: src/train.py
      hash: md5
      md5: 709b040fbbc52abcbd55e02c968649fd
      size: 2211
  evaluate:
    cmd: python src/evaluate.py
    deps:
    - path: data/processed/telco_churn_processed.csv
      hash: md5
      md5: 006527876bfe18c977d74eb4bc59443f
      size: 873370
    - path: src/evaluate.py
      hash: md5
      md5: 5df4b2a8fc4091c95924f5e28410ba61
      size: 6100
