schema: '2.0'
stages:
  data_prep:
    cmd: python src/data_prep.py
    deps:
    - path: data/raw/telco_churn.csv
      hash: md5
      md5: 006527876bfe18c977d74eb4bc59443f
      size: 873370
    - path: src/data_prep.py
      hash: md5
      md5: f94898c343bb406cc92ab44396253410
      size: 551
    outs:
    - path: data/processed/telco_churn_processed.csv
      hash: md5
      md5: 006527876bfe18c977d74eb4bc59443f
      size: 873370
  train:
    cmd: conda run -n pycaret-env python src/train.py
    deps:
    - path: data/processed/telco_churn_processed.csv
      hash: md5
      md5: 006527876bfe18c977d74eb4bc59443f
      size: 873370
    - path: params.yaml
      hash: md5
      md5: fafff4cfdca5a5fc09c1f42e4426a2a9
      size: 354
    - path: src/train.py
      hash: md5
      md5: 1b820eeae07e9576ec59f77694acc842
      size: 1934
  evaluate:
    cmd: conda run -n pycaret-env python src/evaluate.py
    deps:
    - path: data/processed/telco_churn_processed.csv
      hash: md5
      md5: 006527876bfe18c977d74eb4bc59443f
      size: 873370
    - path: src/evaluate.py
      hash: md5
      md5: 235b7a7bfbe1e6c8750b2973f95cf539
      size: 3020
